{
  "lockfileVersion": 1,
  "configVersion": 1,
  "workspaces": {
    "": {
      "name": "nikala",
      "dependencies": {
        "commander": "^15.0.0",
        "fs-extra": "^11.3.6",
        "picocolors": "^1.1.1",
        "prompts": "^2.4.2",
        "strip-json-comments": "^5.0.3",
      },
      "devDependencies": {
        "@kobalte/core": "^0.13.12",
        "@types/bun": "latest",
        "@types/fs-extra": "^11.0.4",
        "@types/node": "^26.1.1",
        "@types/prompts": "^2.4.9",
        "class-variance-authority": "^0.7.1",
        "clsx": "^2.1.1",
        "corvu": "^0.7.2",
        "solid-js": "^1.9.14",
        "tailwind-merge": "^3.6.0",
      },
      "peerDependencies": {
        "typescript": "^5",
      },
    },
  },
  "packages": {
    "@corvu/accordion": ["@corvu/accordion@0.2.5", "", { "dependencies": { "@corvu/disclosure": "~0.2.2", "@corvu/utils": "~0.4.2", "solid-list": "~0.3.0" }, "peerDependencies": { "solid-js": "^1.8" } }, "sha512-oBZKDZZNN5mirmilSzWSrY+7PQGHQbXAlWm1SOvG1AAsIeX5osUdQnKjH0XzlkkAxCLKHb41178W4YNNPqH0PA=="],

    "@corvu/calendar": ["@corvu/calendar@0.1.2", "", { "dependencies": { "@corvu/utils": "~0.4.2" }, "peerDependencies": { "solid-js": "^1.8" } }, "sha512-Vbdns1iNNI0WTIwDZS7m9pHWtr/YTz7yrisXhHUCfl4mxDvb9W8MMmun651wiEjhL7+OrcNbbl2kTOmYSFIf4g=="],

    "@corvu/dialog": ["@corvu/dialog@0.2.4", "", { "dependencies": { "@corvu/utils": "~0.4.2", "solid-dismissible": "~0.1.1", "solid-focus-trap": "~0.1.8", "solid-presence": "~0.2.0", "solid-prevent-scroll": "~0.1.10" }, "peerDependencies": { "solid-js": "^1.8" } }, "sha512-n54vJq+fOy8GVrnYBdJpD6JXNuyx7LOeMrRxwzAvZnYGpW8+AA12tnb/P/2emJj/HjOO5otheGKb0breshdFlA=="],

    "@corvu/disclosure": ["@corvu/disclosure@0.2.2", "", { "dependencies": { "@corvu/utils": "~0.4.2", "solid-presence": "~0.2.0" }, "peerDependencies": { "solid-js": "^1.8" } }, "sha512-d2E9zS0w9peeOiBDc8/ZcqS56ZeOIiKJcwMFpLjuhlfrtVAepwyhbwFHNQTb48VeRHW8amfrGliymT//VQFF9g=="],

    "@corvu/drawer": ["@corvu/drawer@0.2.4", "", { "dependencies": { "@corvu/dialog": "~0.2.4", "@corvu/utils": "~0.4.2", "@solid-primitives/memo": "^1.4.1", "solid-transition-size": "~0.1.4" }, "peerDependencies": { "solid-js": "^1.8" } }, "sha512-7jQoGZ8ROB9CmXam2nMY2wEskU3IoFwZQywkF/7vrBc/edGsPv7mOVQ1GN6G+4nd7nrMZ3UtqHAhmRh9V0azlw=="],

    "@corvu/otp-field": ["@corvu/otp-field@0.1.4", "", { "dependencies": { "@corvu/utils": "~0.4.2" }, "peerDependencies": { "solid-js": "^1.8" } }, "sha512-3eG7OoUt6CfVqGujIYfqImdrhGR/s4DpKr5ZQT10zzw3nawIlcwVpqoHTam0v4cgv+NXXvl6I8DoA3J+WgW2YA=="],

    "@corvu/popover": ["@corvu/popover@0.2.0", "", { "dependencies": { "@corvu/dialog": "~0.2.0", "@corvu/utils": "~0.3.0", "@floating-ui/dom": "^1.6.5" }, "peerDependencies": { "solid-js": "^1.8" } }, "sha512-zynRWyRV7mk2uX7t/COQL4OEa6H6FBgOxxlXLQJ1BV8hTiBJwmfAN/yB/9jy+zlp0G9vp64E8VdsNn6gxUEUEQ=="],

    "@corvu/resizable": ["@corvu/resizable@0.2.5", "", { "dependencies": { "@corvu/utils": "~0.4.2" }, "peerDependencies": { "solid-js": "^1.8" } }, "sha512-psax38DraM9SXtaNh/sfvizGO6xLCL4sqT4rWYlMZP5ZsUM05Q30tvXgnTo2roQFNOz2e06WofhDsBXTjY6g4A=="],

    "@corvu/tooltip": ["@corvu/tooltip@0.2.2", "", { "dependencies": { "@corvu/utils": "~0.4.2", "@floating-ui/dom": "^1.6.13", "solid-dismissible": "~0.1.1", "solid-presence": "~0.2.0" }, "peerDependencies": { "solid-js": "^1.8" } }, "sha512-gyOBJ43GNAecDtmWc68A5YJvifXWwK0VZZdTOcFbX0rVQUA2ihBMltRE4oj7/lKidg2gXALjmFr71Blt5s3YuQ=="],

    "@corvu/utils": ["@corvu/utils@0.4.2", "", { "dependencies": { "@floating-ui/dom": "^1.6.11" }, "peerDependencies": { "solid-js": "^1.8" } }, "sha512-Ox2kYyxy7NoXdKWdHeDEjZxClwzO4SKM8plAaVwmAJPxHMqA0rLOoAsa+hBDwRLpctf+ZRnAd/ykguuJidnaTA=="],

    "@floating-ui/core": ["@floating-ui/core@1.8.0", "", { "dependencies": { "@floating-ui/utils": "^0.2.12" } }, "sha512-0CIZ5itps/8x7BG8dEIhs53BvCUH2PCoogtakwRTut+Arm58sJooJ0AuZhLw2HJYIR5cMLNPBSS728sPho2khQ=="],

    "@floating-ui/dom": ["@floating-ui/dom@1.8.0", "", { "dependencies": { "@floating-ui/core": "^1.8.0", "@floating-ui/utils": "^0.2.12" } }, "sha512-yXSrzeHZBTZadLOlfyhCkJHNeLJnHRnRInwdZ40L7ZiaAtrBwoYlsDrX3v5zB1Utk7CLfzcOVnVVWoXEky7Ceg=="],

    "@floating-ui/utils": ["@floating-ui/utils@0.2.12", "", {}, "sha512-HpCo8tmWzLVad5s2d19EhAz5zqrrQ6s69qd6moPMQvkOuSwDT1YgRfWSVuc4ennqrgv3OHppiOGMQ7oC13yIww=="],

    "@internationalized/number": ["@internationalized/number@3.6.7", "", { "dependencies": { "@swc/helpers": "^0.5.0" } }, "sha512-3ji1fcrT+FPAK86UqEhB/psHixYo6niWPJtt7+qRaYFynt/BaJG8GhAPimtWUpEiVSTq8ZM8L5psMxGquiB/Vg=="],

    "@kobalte/core": ["@kobalte/core@0.13.12", "", { "dependencies": { "@floating-ui/dom": "^1.5.1", "@internationalized/number": "^3.2.1", "@kobalte/utils": "^0.9.2", "@solid-primitives/props": "^3.1.8", "@solid-primitives/resize-observer": "^2.0.26", "solid-presence": "^0.1.8", "solid-prevent-scroll": "^0.1.4" }, "peerDependencies": { "solid-js": "^1.8.15" } }, "sha512-aumsbsPe99/z2igcX2+p+Mdhzw89uuZx8ZdgfEqSlVuuWeTvkoBtCId5sl/Y7sWvllIOFwPoMzE3u0rAzDNkvg=="],

    "@kobalte/utils": ["@kobalte/utils@0.9.2", "", { "dependencies": { "@solid-primitives/event-listener": "^2.2.14", "@solid-primitives/keyed": "^1.2.0", "@solid-primitives/map": "^0.4.7", "@solid-primitives/media": "^2.2.4", "@solid-primitives/props": "^3.1.8", "@solid-primitives/refs": "^1.0.5", "@solid-primitives/utils": "^6.2.1" }, "peerDependencies": { "solid-js": "^1.8.8" } }, "sha512-jRVXr+zsVHxzDXRoh+CDeXzvCsFJ6uiHhqqNQ26Cw9ZsZ3D6nqPUBt1gGVtj2ZPmRL3a9Uk1v8D1aJ8/I12Dow=="],

    "@solid-primitives/event-listener": ["@solid-primitives/event-listener@2.4.6", "", { "dependencies": { "@solid-primitives/utils": "^6.4.1" }, "peerDependencies": { "solid-js": "^1.6.12" } }, "sha512-5I0YJcTVYIWoMmgBSROBZGcz+ymhew/pGTg2dHW74BUjFKsV8Li4bOZYl0YAGP4mHw5o4UBd9/BEesqBci3wxw=="],

    "@solid-primitives/keyed": ["@solid-primitives/keyed@1.5.3", "", { "peerDependencies": { "solid-js": "^1.6.12" } }, "sha512-zNadtyYBhJSOjXtogkGHmRxjGdz9KHc8sGGVAGlUABkE8BED2tbIZoxkwSqzOwde8OcUEH0bb5DLZUWIMvyBSA=="],

    "@solid-primitives/map": ["@solid-primitives/map@0.4.13", "", { "dependencies": { "@solid-primitives/trigger": "^1.1.0" }, "peerDependencies": { "solid-js": "^1.6.12" } }, "sha512-B1zyFbsiTQvqPr+cuPCXO72sRuczG9Swncqk5P74NCGw1VE8qa/Ry9GlfI1e/VdeQYHjan+XkbE3rO2GW/qKew=="],

    "@solid-primitives/media": ["@solid-primitives/media@2.3.6", "", { "dependencies": { "@solid-primitives/event-listener": "^2.4.6", "@solid-primitives/rootless": "^1.5.4", "@solid-primitives/static-store": "^0.1.4", "@solid-primitives/utils": "^6.4.1" }, "peerDependencies": { "solid-js": "^1.6.12" } }, "sha512-pk49gPOq/UMRUJ+pTSrOfBiR8xJjRYHXIf1iR/jSnyQ/KroU+ZXhkZzavC7hvfp2vJeOTW5k2/HN0r3Q1VJ7Pw=="],

    "@solid-primitives/memo": ["@solid-primitives/memo@1.5.1", "", { "dependencies": { "@solid-primitives/scheduled": "^1.5.3", "@solid-primitives/utils": "^6.4.1" }, "peerDependencies": { "solid-js": "^1.6.12" } }, "sha512-VDPrkl9epp0tbby9MvsqphGFCYCtDRC5J8FKzTqHbQiG5hhR8n6xv4MfjhTW231IaBxxPHLxS43EE8c5Q23mSQ=="],

    "@solid-primitives/props": ["@solid-primitives/props@3.2.4", "", { "dependencies": { "@solid-primitives/utils": "^6.4.1" }, "peerDependencies": { "solid-js": "^1.6.12" } }, "sha512-MXXdvi2TSB6d+0N6ueA/HP1j/Kh9SEc4WdF1ZDMLwPagxW6pIHHSS9xbRO0RjqSVpNP4j0nxCWT1hx3CkJNhNA=="],

    "@solid-primitives/refs": ["@solid-primitives/refs@1.1.4", "", { "dependencies": { "@solid-primitives/utils": "^6.4.1" }, "peerDependencies": { "solid-js": "^1.6.12" } }, "sha512-bLjwIs6ZPu8NQnuw04sU3Zc8qKSpbc0umUU/O4SHf6oWOdO4+dHY8vb1T7C4b/Tg103+9WGr6sEE0+NFlbaB/A=="],

    "@solid-primitives/resize-observer": ["@solid-primitives/resize-observer@2.2.0", "", { "dependencies": { "@solid-primitives/event-listener": "^2.4.6", "@solid-primitives/rootless": "^1.5.4", "@solid-primitives/static-store": "^0.1.4", "@solid-primitives/utils": "^6.4.1" }, "peerDependencies": { "solid-js": "^1.6.12" } }, "sha512-9Fuu/EWBeGj+atGHRJp70HKhdfalmpjwxY8a32NZixdLNmfCJ45AfhLQNr6uOzETbbiMx4iCKlTrJ8KZCHC2Ww=="],

    "@solid-primitives/rootless": ["@solid-primitives/rootless@1.5.4", "", { "dependencies": { "@solid-primitives/utils": "^6.4.1" }, "peerDependencies": { "solid-js": "^1.6.12" } }, "sha512-TOIZa1VUfVJ+9nkCcRajw3U4t9vBOP1HxX1WHNTbXq32mXwlqTvUnC4CRIilohcryBkT9u2ZkhUDSHRTaGp55g=="],

    "@solid-primitives/scheduled": ["@solid-primitives/scheduled@1.5.3", "", { "peerDependencies": { "solid-js": "^1.6.12" } }, "sha512-oNwLE6E6lxJAWrc8QXuwM0k2oU1BnANnkChwMw82aK1j3+mWGJkG1IFe5gCwbV+afYmjI76t9JJV3md/8tLw+g=="],

    "@solid-primitives/static-store": ["@solid-primitives/static-store@0.1.4", "", { "dependencies": { "@solid-primitives/utils": "^6.4.1" }, "peerDependencies": { "solid-js": "^1.6.12" } }, "sha512-LgtVaVBtB7EbmS4+M0b8xY5Iq6pUWXBsIC4VgtrFKDGDdyCaDt88sHk0fUlx1Enxm/XZnZyLXJABRoa39RjJqA=="],

    "@solid-primitives/trigger": ["@solid-primitives/trigger@1.2.4", "", { "dependencies": { "@solid-primitives/utils": "^6.4.1" }, "peerDependencies": { "solid-js": "^1.6.12" } }, "sha512-Ju0e+ZOD7hpOp7nptJimvDSZHWFvIvF9iBWMvuwt30smX7c5wmB8Kmc0AdDuv0wOTi06PQ1J5IrP1WJbH2yUBQ=="],

    "@solid-primitives/utils": ["@solid-primitives/utils@6.4.1", "", { "peerDependencies": { "solid-js": "^1.6.12" } }, "sha512-ISSB5QX1qP2ynrheIpYwc4oKR5Ny4siNuUyf1qZniy+Il+p/PtDB0QK1Dnle8noiHpwRD3gpPdubOC3qI/Zamg=="],

    "@swc/helpers": ["@swc/helpers@0.5.23", "", { "dependencies": { "tslib": "^2.8.0" } }, "sha512-5lSsMOTXURePglDfvuAQUqkGek9Hg2kksOYay2m0+XR++b2NWYL/4sWyuvVBIs8oKnJaxkdi9whaL/sqN13afw=="],

    "@types/bun": ["@types/bun@1.3.14", "", { "dependencies": { "bun-types": "1.3.14" } }, "sha512-h1hFqFVcvAvD9j9K7ZW7vd82aSA+rTdznZa+5bwvCwqSB1jmmfLcbIWhOLx1/+boy/xmjgCs/OMUL8hRJSmnPw=="],

    "@types/fs-extra": ["@types/fs-extra@11.0.4", "", { "dependencies": { "@types/jsonfile": "*", "@types/node": "*" } }, "sha512-yTbItCNreRooED33qjunPthRcSjERP1r4MqCZc7wv0u2sUkzTFp45tgUfS5+r7FrZPdmCCNflLhVSP/o+SemsQ=="],

    "@types/jsonfile": ["@types/jsonfile@6.1.4", "", { "dependencies": { "@types/node": "*" } }, "sha512-D5qGUYwjvnNNextdU59/+fI+spnwtTFmyQP0h+PfIOSkNfpU6AOICUOkm4i0OnSk+NyjdPJrxCDro0sJsWlRpQ=="],

    "@types/node": ["@types/node@26.1.1", "", { "dependencies": { "undici-types": "~8.3.0" } }, "sha512-nxAkRSVkN1Y0JC1W8ky/fTfkGsMmcrRsbx+3XoZE+rMOX71kLYTV7fLXpqud1GpbpP5TuffXFqfX7fH2GgZREw=="],

    "@types/prompts": ["@types/prompts@2.4.9", "", { "dependencies": { "@types/node": "*", "kleur": "^3.0.3" } }, "sha512-qTxFi6Buiu8+50/+3DGIWLHM6QuWsEKugJnnP6iv2Mc4ncxE4A/OJkjuVOA+5X0X1S/nq5VJRa8Lu+nwcvbrKA=="],

    "bun-types": ["bun-types@1.3.14", "", { "dependencies": { "@types/node": "*" } }, "sha512-4N0ig0fEomHt5R0KCFWjovxow98rIoRwKolrYdCcknNwMekCXRnWEUvgu5soYV8QXtVsrUD8B95MBOZGPvr6KQ=="],

    "class-variance-authority": ["class-variance-authority@0.7.1", "", { "dependencies": { "clsx": "^2.1.1" } }, "sha512-Ka+9Trutv7G8M6WT6SeiRWz792K5qEqIGEGzXKhAE6xOWAY6pPH8U+9IY3oCMv6kqTmLsv7Xh/2w2RigkePMsg=="],

    "clsx": ["clsx@2.1.1", "", {}, "sha512-eYm0QWBtUrBWZWG0d386OGAw16Z995PiOVo2B7bjWSbHedGl5e0ZWaq65kOGgUSNesEIDkB9ISbTg/JK9dhCZA=="],

    "commander": ["commander@15.0.0", "", {}, "sha512-z67u4ZhzCL/Tydu1lJARtEZYWbWaN7oYLHbsuzocr6y4N6WZAagG3RQ4FW61V1/0+jImpj293XfrcYnd1qxtPg=="],

    "corvu": ["corvu@0.7.2", "", { "dependencies": { "@corvu/accordion": "~0.2.3", "@corvu/calendar": "~0.1.0", "@corvu/dialog": "~0.2.3", "@corvu/disclosure": "~0.2.0", "@corvu/drawer": "~0.2.2", "@corvu/otp-field": "~0.1.4", "@corvu/popover": "~0.2.0", "@corvu/resizable": "~0.2.3", "@corvu/tooltip": "~0.2.1" }, "peerDependencies": { "solid-js": "^1.8" } }, "sha512-OpBHnX7NYceHif3/OPu4Tkv9JmoM+WJFI9SjHKciE/PnWKgADqbRhViX2GvfUH5WMNMlb3MVAYmfykYJDECwtA=="],

    "csstype": ["csstype@3.2.3", "", {}, "sha512-z1HGKcYy2xA8AGQfwrn0PAy+PB7X/GSj3UVJW9qKyn43xWa+gl5nXmU4qqLMRzWVLFC8KusUX8T/0kCiOYpAIQ=="],

    "fs-extra": ["fs-extra@11.3.6", "", { "dependencies": { "graceful-fs": "^4.2.0", "jsonfile": "^6.0.1", "universalify": "^2.0.0" } }, "sha512-w8ZNZr2mKIc7qeNaQ9AVPT1+iFaI+Avd4xudVOvdDJ8VytREi1Ft5Ih7hd9jjehod8vAM5GMsfQ/TpPf4EyoEA=="],

    "graceful-fs": ["graceful-fs@4.2.11", "", {}, "sha512-RbJ5/jmFcNNCcDV5o9eTnBLJ/HszWV0P73bc+Ff4nS/rJj+YaS6IGyiOL0VoBYX+l1Wrl3k63h/KrH+nhJ0XvQ=="],

    "jsonfile": ["jsonfile@6.2.1", "", { "dependencies": { "universalify": "^2.0.0" }, "optionalDependencies": { "graceful-fs": "^4.1.6" } }, "sha512-zwOTdL3rFQ/lRdBnntKVOX6k5cKJwEc1HdilT71BWEu7J41gXIB2MRp+vxduPSwZJPWBxEzv4yH1wYLJGUHX4Q=="],

    "kleur": ["kleur@3.0.3", "", {}, "sha512-eTIzlVOSUR+JxdDFepEYcBMtZ9Qqdef+rnzWdRZuMbOywu5tO2w2N7rqjoANZ5k9vywhL6Br1VRjUIgTQx4E8w=="],

    "picocolors": ["picocolors@1.1.1", "", {}, "sha512-xceH2snhtb5M9liqDsmEw56le376mTZkEX/jEb/RxNFyegNul7eNslCXP9FDj/Lcu0X8KEyMceP2ntpaHrDEVA=="],

    "prompts": ["prompts@2.4.2", "", { "dependencies": { "kleur": "^3.0.3", "sisteransi": "^1.0.5" } }, "sha512-NxNv/kLguCA7p3jE8oL2aEBsrJWgAakBpgmgK6lpPWV+WuOmY6r2/zbAVnP+T8bQlA0nzHXSJSJW0Hq7ylaD2Q=="],

    "seroval": ["seroval@1.5.6", "", {}, "sha512-rVQVWjjSvlINzaQPZH5JFqsqEsIWdTxY3iJZCnTL/5gQbXIRooVZKI60tVCkOVfzcRPejboxO2t0P89dg5mQaA=="],

    "seroval-plugins": ["seroval-plugins@1.5.6", "", { "peerDependencies": { "seroval": "^1.0" } }, "sha512-HXuLAX2pu/UByPpaeo/TaMfvMIi+1QqIoPJYCcAtU8QkVNwgR6MPlGuCQTErV1JwraaMbYaWVIBX7mppzGLATQ=="],

    "sisteransi": ["sisteransi@1.0.5", "", {}, "sha512-bLGGlR1QxBcynn2d5YmDX4MGjlZvy2MRBDRNHLJ8VI6l6+9FUiyTFNJ0IveOSP0bcXgVDPRcfGqA0pjaqUpfVg=="],

    "solid-dismissible": ["solid-dismissible@0.1.1", "", { "dependencies": { "@corvu/utils": "~0.4.1" }, "peerDependencies": { "solid-js": "^1.8" } }, "sha512-9kcKBJIMdS+586cA1g63HYWxKh3h89leeNHbPZ1csYjuni+NvPBtNr11l0iEX2AKKEt6FHk6qNhc/gjoYAW1pA=="],

    "solid-focus-trap": ["solid-focus-trap@0.1.9", "", { "dependencies": { "@corvu/utils": "~0.4.2" }, "peerDependencies": { "solid-js": "^1.8" } }, "sha512-LTyNki6GUJPRLXV5uMWPkYClB07SUMubbr2EkAddiR0CJCF/I283txilMU9RURSr/P8EewMfXWu2o3aWrK7A5A=="],

    "solid-js": ["solid-js@1.9.14", "", { "dependencies": { "csstype": "^3.1.0", "seroval": "~1.5.4", "seroval-plugins": "~1.5.4" } }, "sha512-sAEXC0Kk0S1EDg+8ysEWJDbYhA3RRoEjwuySUGlKIemeo0I5YZfOyumNjNs9Sv3y2nmhD+0rW66ag2HsMuQiGQ=="],

    "solid-list": ["solid-list@0.3.0", "", { "dependencies": { "@corvu/utils": "~0.4.0" }, "peerDependencies": { "solid-js": "^1.8" } }, "sha512-t4hx/F/l8Vmq+ib9HtZYl7Z9F1eKxq3eKJTXlvcm7P7yI4Z8O7QSOOEVHb/K6DD7M0RxzVRobK/BS5aSfLRwKg=="],

    "solid-presence": ["solid-presence@0.1.8", "", { "dependencies": { "@corvu/utils": "~0.4.0" }, "peerDependencies": { "solid-js": "^1.8" } }, "sha512-pWGtXUFWYYUZNbg5YpG5vkQJyOtzn2KXhxYaMx/4I+lylTLYkITOLevaCwMRN+liCVk0pqB6EayLWojNqBFECA=="],

    "solid-prevent-scroll": ["solid-prevent-scroll@0.1.10", "", { "dependencies": { "@corvu/utils": "~0.4.1" }, "peerDependencies": { "solid-js": "^1.8" } }, "sha512-KplGPX2GHiWJLZ6AXYRql4M127PdYzfwvLJJXMkO+CMb8Np4VxqDAg5S8jLdwlEuBis/ia9DKw2M8dFx5u8Mhw=="],

    "solid-transition-size": ["solid-transition-size@0.1.4", "", { "dependencies": { "@corvu/utils": "~0.3.2" }, "peerDependencies": { "solid-js": "^1.8" } }, "sha512-ocHVnbfy23CgfaH4cEUR/AFg0Y3CEL8Oh3n9Qv8OHFJgPh+zkmERKZQfi/xH5XvxDCizg8VjPrVUhiHB1Gza8g=="],

    "strip-json-comments": ["strip-json-comments@5.0.3", "", {}, "sha512-1tB5mhVo7U+ETBKNf92xT4hrQa3pm0MZ0PQvuDnWgAAGHDsfp4lPSpiS6psrSiet87wyGPh9ft6wmhOMQ0hDiw=="],

    "tailwind-merge": ["tailwind-merge@3.6.0", "", {}, "sha512-uxL7qAVQriqRQPAyK3pj66VqskWqoZ37PW94jwOTwNfq/z9oyu1V+eqrZqtR2+fCiXdYOZe/Modt8GtvqNzu+w=="],

    "tslib": ["tslib@2.8.1", "", {}, "sha512-oJFu94HQb+KVduSUQL7wnpmqnfmLsOA/nAh6b6EH0wCEoK0/mPeXU6c3wKDV83MkOuHPRHtSXKKU99IBazS/2w=="],

    "typescript": ["typescript@5.9.3", "", { "bin": { "tsc": "bin/tsc", "tsserver": "bin/tsserver" } }, "sha512-jl1vZzPDinLr9eUt3J/t7V6FgNEw9QjvBPdysz9KfQDD41fQrC2Y4vKQdiaUpFT4bXlb1RHhLpp8wtm6M5TgSw=="],

    "undici-types": ["undici-types@8.3.0", "", {}, "sha512-j375ScV60dom+YkPFIfTLcOiPxkN/buHz5GobjLhixFuANaNs3C9l4GmrWqejgXWJ7BbJcFYpTEUkS1Ge8bpZQ=="],

    "universalify": ["universalify@2.0.1", "", {}, "sha512-gptHNQghINnc/vTGIk0SOFGFNXw7JVrlRUtConJRlvaw6DuX0wO5Jeko9sWrMBhh+PsYAZ7oXAiOnf/UKogyiw=="],

    "@corvu/dialog/solid-presence": ["solid-presence@0.2.0", "", { "dependencies": { "@corvu/utils": "~0.4.2" }, "peerDependencies": { "solid-js": "^1.8" } }, "sha512-YM92o+jvpzX3XGaD4rLYmq/Kc2ZVh47GSCLEufHBFQQIurvZTs8SoGJxO8BJGNDxBKdcS8F3dYhW1SDXp4BNjA=="],

    "@corvu/disclosure/solid-presence": ["solid-presence@0.2.0", "", { "dependencies": { "@corvu/utils": "~0.4.2" }, "peerDependencies": { "solid-js": "^1.8" } }, "sha512-YM92o+jvpzX3XGaD4rLYmq/Kc2ZVh47GSCLEufHBFQQIurvZTs8SoGJxO8BJGNDxBKdcS8F3dYhW1SDXp4BNjA=="],

    "@corvu/popover/@corvu/utils": ["@corvu/utils@0.3.2", "", { "dependencies": { "@floating-ui/dom": "^1.6.7" }, "peerDependencies": { "solid-js": "^1.8" } }, "sha512-ZWlyWEE8qV9+CB9OAyo2bTrZGXQN9ZeM+JfYv89zoR+lRACKTDuoOZEdiyL8Uc7U5dUSH1uTqKhTTnaHWb+wZA=="],

    "@corvu/tooltip/solid-presence": ["solid-presence@0.2.0", "", { "dependencies": { "@corvu/utils": "~0.4.2" }, "peerDependencies": { "solid-js": "^1.8" } }, "sha512-YM92o+jvpzX3XGaD4rLYmq/Kc2ZVh47GSCLEufHBFQQIurvZTs8SoGJxO8BJGNDxBKdcS8F3dYhW1SDXp4BNjA=="],

    "solid-transition-size/@corvu/utils": ["@corvu/utils@0.3.2", "", { "dependencies": { "@floating-ui/dom": "^1.6.7" }, "peerDependencies": { "solid-js": "^1.8" } }, "sha512-ZWlyWEE8qV9+CB9OAyo2bTrZGXQN9ZeM+JfYv89zoR+lRACKTDuoOZEdiyL8Uc7U5dUSH1uTqKhTTnaHWb+wZA=="],
  }
}
